PODS:
  - FlutterMacOS (1.0.0)
  - onnxruntime (0.0.1):
    - FlutterMacOS

DEPENDENCIES:
  - FlutterMacOS (from `Flutter/ephemeral`)
  - onnxruntime (from `Flutter/ephemeral/.symlinks/plugins/onnxruntime/macos`)

EXTERNAL SOURCES:
  FlutterMacOS:
    :path: Flutter/ephemeral
  onnxruntime:
    :path: Flutter/ephemeral/.symlinks/plugins/onnxruntime/macos

SPEC CHECKSUMS:
  FlutterMacOS: 8f6f14fa908a6fb3fba0cd85dbd81ec4b251fb24
  onnxruntime: 922a85d3c9ed1b3c2b515ec903fc4d9b8f51d96b

PODFILE CHECKSUM: 236401fc2c932af29a9fcf0e97baeeb2d750d367

COCOAPODS: 1.13.0
